
Microsoft Visual Studio Solution File, Format Version 12.00
# Visual Studio 2012
Project("{FAE04EC0-301F-11D3-BF4B-00C04F79EFBC}") = "Microsoft.AspNet.SignalR.Server.Self", "Microsoft.AspNet.SignalR.Server.Self\Microsoft.AspNet.SignalR.Server.Self.csproj", "{3A8F7DB3-052E-4356-A29F-4DA109817618}"
EndProject
Project("{FAE04EC0-301F-11D3-BF4B-00C04F79EFBC}") = "Microsoft.AspNet.SignalR.Server.Web", "Microsoft.AspNet.SignalR.Server.Web\Microsoft.AspNet.SignalR.Server.Web.csproj", "{F385BB13-4BA0-4BA2-A5BD-8A666FFEDA19}"
EndProject
Global
	GlobalSection(SolutionConfigurationPlatforms) = preSolution
		Debug|Any CPU = Debug|Any CPU
		Release|Any CPU = Release|Any CPU
	EndGlobalSection
	GlobalSection(ProjectConfigurationPlatforms) = postSolution
		{3A8F7DB3-052E-4356-A29F-4DA109817618}.Debug|Any CPU.ActiveCfg = Debug|Any CPU
		{3A8F7DB3-052E-4356-A29F-4DA109817618}.Debug|Any CPU.Build.0 = Debug|Any CPU
		{3A8F7DB3-052E-4356-A29F-4DA109817618}.Release|Any CPU.ActiveCfg = Release|Any CPU
		{3A8F7DB3-052E-4356-A29F-4DA109817618}.Release|Any CPU.Build.0 = Release|Any CPU
		{F385BB13-4BA0-4BA2-A5BD-8A666FFEDA19}.Debug|Any CPU.ActiveCfg = Debug|Any CPU
		{F385BB13-4BA0-4BA2-A5BD-8A666FFEDA19}.Debug|Any CPU.Build.0 = Debug|Any CPU
		{F385BB13-4BA0-4BA2-A5BD-8A666FFEDA19}.Release|Any CPU.ActiveCfg = Release|Any CPU
		{F385BB13-4BA0-4BA2-A5BD-8A666FFEDA19}.Release|Any CPU.Build.0 = Release|Any CPU
	EndGlobalSection
	GlobalSection(SolutionProperties) = preSolution
		HideSolutionNode = FALSE
	EndGlobalSection
EndGlobal
